{
  "name": "development",
  "version": "1.0.0",
  "lockfileVersion": 3,
  "requires": true,
  "packages": {
    "": {
      "name": "development",
      "version": "1.0.0",
      "license": "ISC",
      "dependencies": {
        "dataloader": "^2.2.2"
      }
    },
    "node_modules/dataloader": {
      "version": "2.2.2",
      "resolved": "https://registry.npmjs.org/dataloader/-/dataloader-2.2.2.tgz",
      "integrity": "sha512-8YnDaaf7N3k/q5HnTJVuzSyLETjoZjVmHc4AeKAzOvKHEFQKcn64OKBfzHYtE9zGjctNM7V9I0MfnUVLpi7M5g=="
    }
  }
}
